<?xml version="1.0" encoding="utf-8"?>
<Project ToolsVersion="4.0" xmlns="http://schemas.microsoft.com/developer/msbuild/2003">
  <ItemGroup>
    <Filter Include="Source Files">
      <UniqueIdentifier>{4FC737F1-C7A5-4376-A066-2A32D752A2FF}</UniqueIdentifier>
      <Extensions>cpp;c;cc;cxx;def;odl;idl;hpj;bat;asm;asmx</Extensions>
    </Filter>
    <Filter Include="Header Files">
      <UniqueIdentifier>{93995380-89BD-4b04-88EB-625FBE52EBFB}</UniqueIdentifier>
      <Extensions>h;hh;hpp;hxx;hm;inl;inc;xsd</Extensions>
    </Filter>
    <Filter Include="Resource Files">
      <UniqueIdentifier>{67DA6AB6-F800-4c08-8B7A-83BB121AAD01}</UniqueIdentifier>
      <Extensions>rc;ico;cur;bmp;dlg;rc2;rct;bin;rgs;gif;jpg;jpeg;jpe;resx;tiff;tif;png;wav;mfcribbon-ms</Extensions>
    </Filter>
    <Filter Include="Form Files">
      <UniqueIdentifier>{99349809-55BA-4b9d-BF79-8FDBB0286EB3}</UniqueIdentifier>
      <Extensions>ui</Extensions>
    </Filter>
    <Filter Include="Resource Files">
      <UniqueIdentifier>{D9D6E242-F8AF-46E4-B9FD-80ECBC20BA3E}</UniqueIdentifier>
      <Extensions>qrc;*</Extensions>
      <ParseFiles>false</ParseFiles>
    </Filter>
  </ItemGroup>
  <ItemGroup>
    <QtMoc Include="pokemonClientGUI.h">
      <Filter>Header Files</Filter>
    </QtMoc>
    <QtMoc Include="otherPlayer.h">
      <Filter>Header Files</Filter>
    </QtMoc>
    <QtMoc Include="GUIfight.h">
      <Filter>Header Files</Filter>
    </QtMoc>
    <QtMoc Include="victory.h">
      <Filter>Header Files</Filter>
    </QtMoc>
    <QtMoc Include="lose.h">
      <Filter>Header Files</Filter>
    </QtMoc>
  </ItemGroup>
  <ItemGroup>
    <ClCompile Include="main.cpp">
      <Filter>Source Files</Filter>
    </ClCompile>
    <ClCompile Include="fight.cpp">
      <Filter>Source Files</Filter>
    </ClCompile>
    <ClCompile Include="player.cpp">
      <Filter>Source Files</Filter>
    </ClCompile>
    <ClCompile Include="pokemonClient.cpp">
      <Filter>Source Files</Filter>
    </ClCompile>
    <ClCompile Include="property.cpp">
      <Filter>Source Files</Filter>
    </ClCompile>
    <ClCompile Include="GUIpokemonClient.cpp">
      <Filter>Source Files</Filter>
    </ClCompile>
    <ClCompile Include="GUImyPok.cpp">
      <Filter>Source Files</Filter>
    </ClCompile>
    <ClCompile Include="otherPlayer.cpp">
      <Filter>Source Files</Filter>
    </ClCompile>
    <ClCompile Include="GUIfight.cpp">
      <Filter>Source Files</Filter>
    </ClCompile>
    <ClCompile Include="GUIplayerWidget.cpp">
      <Filter>Source Files</Filter>
    </ClCompile>
    <ClCompile Include="victory.cpp">
      <Filter>Source Files</Filter>
    </ClCompile>
    <ClCompile Include="lose.cpp">
      <Filter>Source Files</Filter>
    </ClCompile>
  </ItemGroup>
  <ItemGroup>
    <ClInclude Include="pokemonClient.h">
      <Filter>Header Files</Filter>
    </ClInclude>
    <ClInclude Include="x64\Debug\uic\ui_playerWidget.h">
      <Filter>Header Files</Filter>
    </ClInclude>
    <ClInclude Include="x64\Debug\uic\ui_myPok.h">
      <Filter>Header Files</Filter>
    </ClInclude>
    <ClInclude Include="x64\Debug\uic\ui_otherPlayer.h">
      <Filter>Header Files</Filter>
    </ClInclude>
    <ClInclude Include="x64\Debug\uic\ui_fight.h">
      <Filter>Header Files</Filter>
    </ClInclude>
    <ClInclude Include="x64\Debug\uic\ui_victory.h">
      <Filter>Header Files</Filter>
    </ClInclude>
    <ClInclude Include="x64\Debug\uic\ui_lose.h">
      <Filter>Header Files</Filter>
    </ClInclude>
    <ClInclude Include="x64\Debug\uic\ui_client.h">
      <Filter>Header Files</Filter>
    </ClInclude>
  </ItemGroup>
  <ItemGroup>
    <QtMoc Include="playerWidget.h">
      <Filter>Header Files</Filter>
    </QtMoc>
    <QtMoc Include="GUImyPok.h">
      <Filter>Header Files</Filter>
    </QtMoc>
  </ItemGroup>
  <ItemGroup>
    <QtRcc Include="pokemonClientGUI.qrc">
      <Filter>Resource Files</Filter>
    </QtRcc>
  </ItemGroup>
  <ItemGroup>
    <QtUic Include="myPok.ui">
      <Filter>Resource Files</Filter>
    </QtUic>
    <QtUic Include="playerWidget.ui">
      <Filter>Resource Files</Filter>
    </QtUic>
    <QtUic Include="client.ui">
      <Filter>Resource Files</Filter>
    </QtUic>
    <QtUic Include="otherPlayer.ui">
      <Filter>Resource Files</Filter>
    </QtUic>
    <QtUic Include="fight.ui">
      <Filter>Resource Files</Filter>
    </QtUic>
    <QtUic Include="victory.ui">
      <Filter>Resource Files</Filter>
    </QtUic>
    <QtUic Include="lose.ui">
      <Filter>Resource Files</Filter>
    </QtUic>
  </ItemGroup>
</Project>